
Microsoft Visual Studio Solution File, Format Version 12.00
# Visual Studio Version 17
VisualStudioVersion = 17.0.31903.59
MinimumVisualStudioVersion = 10.0.40219.1
Project("{FAE04EC0-301F-11D3-BF4B-00C04F79EFBC}") = "IO.Dbf", "IO.Dbf\IO.Dbf.csproj", "{3FFB33D7-545D-4BE4-90B7-D95529492C19}"
EndProject
Project("{FAE04EC0-301F-11D3-BF4B-00C04F79EFBC}") = "IO.Geometry.Shapefile", "IO.Geometry.Shapefile\IO.Geometry.Shapefile.csproj", "{9563D2CA-CC8C-4B32-9FE5-AA8325DAD3F8}"
EndProject
Project("{2150E333-8FDC-42A3-9474-1A3956D46DE8}") = "Tests", "Tests", "{0AB3BF05-4346-4AA6-1389-037BE0695223}"
	ProjectSection(SolutionItems) = preProject
		Tests\Directory.Packages.props = Tests\Directory.Packages.props
		Tests\Directory.Build.props = Tests\Directory.Build.props
	EndProjectSection
EndProject
Project("{FAE04EC0-301F-11D3-BF4B-00C04F79EFBC}") = "IO.Dbf.Tests", "Tests\IO.Dbf.Tests\IO.Dbf.Tests.csproj", "{0514E0D5-4A8E-431C-B128-06CEF357E658}"
EndProject
Project("{FAE04EC0-301F-11D3-BF4B-00C04F79EFBC}") = "IO.Geometry", "IO.Geometry\IO.Geometry.csproj", "{EA615AA8-BA8D-42AA-BA8D-FE2451DCEE3A}"
EndProject
Project("{2150E333-8FDC-42A3-9474-1A3956D46DE8}") = "Solution Items", "Solution Items", "{4602FDD7-5ACE-4D0B-A649-DFF9011D8646}"
	ProjectSection(SolutionItems) = preProject
		Directory.Packages.props = Directory.Packages.props
		Directory.Build.props = Directory.Build.props
	EndProjectSection
EndProject
Project("{FAE04EC0-301F-11D3-BF4B-00C04F79EFBC}") = "IO.Geometry.Tests", "Tests\IO.Geometry.Tests\IO.Geometry.Tests.csproj", "{2026A97A-809C-455A-ACCF-5A93F00EBD40}"
EndProject
Project("{FAE04EC0-301F-11D3-BF4B-00C04F79EFBC}") = "IO.Geodesy", "IO.Geodesy\IO.Geodesy.csproj", "{83CF3CDF-06F6-48FF-A0C8-7A77622087BE}"
EndProject
Project("{FAE04EC0-301F-11D3-BF4B-00C04F79EFBC}") = "IO.Geometry.Shapefile.Tests", "Tests\IO.Geometry.Shapefile.Tests\IO.Geometry.Shapefile.Tests.csproj", "{4F7AA2B5-C5E3-4AC8-8F7A-330F2125D411}"
EndProject
Project("{FAE04EC0-301F-11D3-BF4B-00C04F79EFBC}") = "Data.Geometry", "Data.Geometry\Data.Geometry.csproj", "{0DFDDAC6-848A-4891-9F0E-19F46ED2A98A}"
EndProject
Project("{FAE04EC0-301F-11D3-BF4B-00C04F79EFBC}") = "Geometry", "Geometry\Geometry.csproj", "{7D1C94AC-C50D-429E-B48C-ABE03A96DE0D}"
EndProject
Project("{FAE04EC0-301F-11D3-BF4B-00C04F79EFBC}") = "Data.Sqlite", "Data.Sqlite\Data.Sqlite.csproj", "{AB9F89AF-95F0-441D-97D4-F6BADF73D4B3}"
EndProject
Project("{FAE04EC0-301F-11D3-BF4B-00C04F79EFBC}") = "Data.Spatialite", "Data.Spatialite\Data.Spatialite.csproj", "{9082E875-F13E-4C60-8774-9CD6B4545B15}"
EndProject
Project("{FAE04EC0-301F-11D3-BF4B-00C04F79EFBC}") = "Data.Sqlite.Tests", "Tests\Data.Sqlite.Tests\Data.Sqlite.Tests.csproj", "{32670D6A-72D7-4876-A2F0-5A8ADB6A3554}"
EndProject
Project("{FAE04EC0-301F-11D3-BF4B-00C04F79EFBC}") = "Data.Spatialite.Tests", "Tests\Data.Spatialite.Tests\Data.Spatialite.Tests.csproj", "{28F9C708-1058-4B37-9C38-7E6297198F99}"
EndProject
Project("{FAE04EC0-301F-11D3-BF4B-00C04F79EFBC}") = "IO.Geometry.Spatialite", "IO.Geometry.Spatialite\IO.Geometry.Spatialite.csproj", "{7CAA31AE-0A45-4E7F-A4B5-A1A4991E8256}"
EndProject
Project("{FAE04EC0-301F-11D3-BF4B-00C04F79EFBC}") = "IO.Geometry.Spatialite.Tests", "Tests\IO.Geometry.Spatialite.Tests\IO.Geometry.Spatialite.Tests.csproj", "{9835F78F-C56E-4FC2-8C91-B7582CAE549A}"
EndProject
Project("{FAE04EC0-301F-11D3-BF4B-00C04F79EFBC}") = "Text.GeoJson", "Text.GeoJson\Text.GeoJson.csproj", "{B8C525FE-6953-4B37-9375-B1D05E111AA6}"
EndProject
Project("{FAE04EC0-301F-11D3-BF4B-00C04F79EFBC}") = "Text.GeoJson.Tests", "Tests\Text.GeoJson.Tests\Text.GeoJson.Tests.csproj", "{F687BAF7-71DD-4323-A2DC-886A36FD17DC}"
EndProject
Project("{FAE04EC0-301F-11D3-BF4B-00C04F79EFBC}") = "Text.GeoJson.Stac", "Text.GeoJson.Stac\Text.GeoJson.Stac.csproj", "{4A6F2EE9-1BB3-46AC-90EE-1AEAF9753393}"
EndProject
Project("{FAE04EC0-301F-11D3-BF4B-00C04F79EFBC}") = "Text.GeoJson.Stac.Tests", "Tests\Text.GeoJson.Stac.Tests\Text.GeoJson.Stac.Tests.csproj", "{DF0900D0-3BD2-4E08-9BF9-181BCDB09C28}"
EndProject
Project("{FAE04EC0-301F-11D3-BF4B-00C04F79EFBC}") = "Grpc.Geometry.Tools", "Grpc.Geometry.Tools\Grpc.Geometry.Tools.csproj", "{5331B9BB-364B-4098-982B-680BB0C01415}"
EndProject
Project("{FAE04EC0-301F-11D3-BF4B-00C04F79EFBC}") = "Geometry.Protobuf", "Geometry.Protobuf\Geometry.Protobuf.csproj", "{C7DAD3AD-9821-4408-BBBA-AC13C897D6B3}"
EndProject
Global
	GlobalSection(SolutionConfigurationPlatforms) = preSolution
		Debug|Any CPU = Debug|Any CPU
		Debug|x64 = Debug|x64
		Debug|x86 = Debug|x86
		Release|Any CPU = Release|Any CPU
		Release|x64 = Release|x64
		Release|x86 = Release|x86
	EndGlobalSection
	GlobalSection(ProjectConfigurationPlatforms) = postSolution
		{3FFB33D7-545D-4BE4-90B7-D95529492C19}.Debug|Any CPU.ActiveCfg = Debug|Any CPU
		{3FFB33D7-545D-4BE4-90B7-D95529492C19}.Debug|Any CPU.Build.0 = Debug|Any CPU
		{3FFB33D7-545D-4BE4-90B7-D95529492C19}.Debug|x64.ActiveCfg = Debug|Any CPU
		{3FFB33D7-545D-4BE4-90B7-D95529492C19}.Debug|x64.Build.0 = Debug|Any CPU
		{3FFB33D7-545D-4BE4-90B7-D95529492C19}.Debug|x86.ActiveCfg = Debug|Any CPU
		{3FFB33D7-545D-4BE4-90B7-D95529492C19}.Debug|x86.Build.0 = Debug|Any CPU
		{3FFB33D7-545D-4BE4-90B7-D95529492C19}.Release|Any CPU.ActiveCfg = Release|Any CPU
		{3FFB33D7-545D-4BE4-90B7-D95529492C19}.Release|Any CPU.Build.0 = Release|Any CPU
		{3FFB33D7-545D-4BE4-90B7-D95529492C19}.Release|x64.ActiveCfg = Release|Any CPU
		{3FFB33D7-545D-4BE4-90B7-D95529492C19}.Release|x64.Build.0 = Release|Any CPU
		{3FFB33D7-545D-4BE4-90B7-D95529492C19}.Release|x86.ActiveCfg = Release|Any CPU
		{3FFB33D7-545D-4BE4-90B7-D95529492C19}.Release|x86.Build.0 = Release|Any CPU
		{9563D2CA-CC8C-4B32-9FE5-AA8325DAD3F8}.Debug|Any CPU.ActiveCfg = Debug|Any CPU
		{9563D2CA-CC8C-4B32-9FE5-AA8325DAD3F8}.Debug|Any CPU.Build.0 = Debug|Any CPU
		{9563D2CA-CC8C-4B32-9FE5-AA8325DAD3F8}.Debug|x64.ActiveCfg = Debug|Any CPU
		{9563D2CA-CC8C-4B32-9FE5-AA8325DAD3F8}.Debug|x64.Build.0 = Debug|Any CPU
		{9563D2CA-CC8C-4B32-9FE5-AA8325DAD3F8}.Debug|x86.ActiveCfg = Debug|Any CPU
		{9563D2CA-CC8C-4B32-9FE5-AA8325DAD3F8}.Debug|x86.Build.0 = Debug|Any CPU
		{9563D2CA-CC8C-4B32-9FE5-AA8325DAD3F8}.Release|Any CPU.ActiveCfg = Release|Any CPU
		{9563D2CA-CC8C-4B32-9FE5-AA8325DAD3F8}.Release|Any CPU.Build.0 = Release|Any CPU
		{9563D2CA-CC8C-4B32-9FE5-AA8325DAD3F8}.Release|x64.ActiveCfg = Release|Any CPU
		{9563D2CA-CC8C-4B32-9FE5-AA8325DAD3F8}.Release|x64.Build.0 = Release|Any CPU
		{9563D2CA-CC8C-4B32-9FE5-AA8325DAD3F8}.Release|x86.ActiveCfg = Release|Any CPU
		{9563D2CA-CC8C-4B32-9FE5-AA8325DAD3F8}.Release|x86.Build.0 = Release|Any CPU
		{0514E0D5-4A8E-431C-B128-06CEF357E658}.Debug|Any CPU.ActiveCfg = Debug|Any CPU
		{0514E0D5-4A8E-431C-B128-06CEF357E658}.Debug|Any CPU.Build.0 = Debug|Any CPU
		{0514E0D5-4A8E-431C-B128-06CEF357E658}.Debug|x64.ActiveCfg = Debug|Any CPU
		{0514E0D5-4A8E-431C-B128-06CEF357E658}.Debug|x64.Build.0 = Debug|Any CPU
		{0514E0D5-4A8E-431C-B128-06CEF357E658}.Debug|x86.ActiveCfg = Debug|Any CPU
		{0514E0D5-4A8E-431C-B128-06CEF357E658}.Debug|x86.Build.0 = Debug|Any CPU
		{0514E0D5-4A8E-431C-B128-06CEF357E658}.Release|Any CPU.ActiveCfg = Release|Any CPU
		{0514E0D5-4A8E-431C-B128-06CEF357E658}.Release|Any CPU.Build.0 = Release|Any CPU
		{0514E0D5-4A8E-431C-B128-06CEF357E658}.Release|x64.ActiveCfg = Release|Any CPU
		{0514E0D5-4A8E-431C-B128-06CEF357E658}.Release|x64.Build.0 = Release|Any CPU
		{0514E0D5-4A8E-431C-B128-06CEF357E658}.Release|x86.ActiveCfg = Release|Any CPU
		{0514E0D5-4A8E-431C-B128-06CEF357E658}.Release|x86.Build.0 = Release|Any CPU
		{EA615AA8-BA8D-42AA-BA8D-FE2451DCEE3A}.Debug|Any CPU.ActiveCfg = Debug|Any CPU
		{EA615AA8-BA8D-42AA-BA8D-FE2451DCEE3A}.Debug|Any CPU.Build.0 = Debug|Any CPU
		{EA615AA8-BA8D-42AA-BA8D-FE2451DCEE3A}.Debug|x64.ActiveCfg = Debug|Any CPU
		{EA615AA8-BA8D-42AA-BA8D-FE2451DCEE3A}.Debug|x64.Build.0 = Debug|Any CPU
		{EA615AA8-BA8D-42AA-BA8D-FE2451DCEE3A}.Debug|x86.ActiveCfg = Debug|Any CPU
		{EA615AA8-BA8D-42AA-BA8D-FE2451DCEE3A}.Debug|x86.Build.0 = Debug|Any CPU
		{EA615AA8-BA8D-42AA-BA8D-FE2451DCEE3A}.Release|Any CPU.ActiveCfg = Release|Any CPU
		{EA615AA8-BA8D-42AA-BA8D-FE2451DCEE3A}.Release|Any CPU.Build.0 = Release|Any CPU
		{EA615AA8-BA8D-42AA-BA8D-FE2451DCEE3A}.Release|x64.ActiveCfg = Release|Any CPU
		{EA615AA8-BA8D-42AA-BA8D-FE2451DCEE3A}.Release|x64.Build.0 = Release|Any CPU
		{EA615AA8-BA8D-42AA-BA8D-FE2451DCEE3A}.Release|x86.ActiveCfg = Release|Any CPU
		{EA615AA8-BA8D-42AA-BA8D-FE2451DCEE3A}.Release|x86.Build.0 = Release|Any CPU
		{2026A97A-809C-455A-ACCF-5A93F00EBD40}.Debug|Any CPU.ActiveCfg = Debug|Any CPU
		{2026A97A-809C-455A-ACCF-5A93F00EBD40}.Debug|Any CPU.Build.0 = Debug|Any CPU
		{2026A97A-809C-455A-ACCF-5A93F00EBD40}.Debug|x64.ActiveCfg = Debug|Any CPU
		{2026A97A-809C-455A-ACCF-5A93F00EBD40}.Debug|x64.Build.0 = Debug|Any CPU
		{2026A97A-809C-455A-ACCF-5A93F00EBD40}.Debug|x86.ActiveCfg = Debug|Any CPU
		{2026A97A-809C-455A-ACCF-5A93F00EBD40}.Debug|x86.Build.0 = Debug|Any CPU
		{2026A97A-809C-455A-ACCF-5A93F00EBD40}.Release|Any CPU.ActiveCfg = Release|Any CPU
		{2026A97A-809C-455A-ACCF-5A93F00EBD40}.Release|Any CPU.Build.0 = Release|Any CPU
		{2026A97A-809C-455A-ACCF-5A93F00EBD40}.Release|x64.ActiveCfg = Release|Any CPU
		{2026A97A-809C-455A-ACCF-5A93F00EBD40}.Release|x64.Build.0 = Release|Any CPU
		{2026A97A-809C-455A-ACCF-5A93F00EBD40}.Release|x86.ActiveCfg = Release|Any CPU
		{2026A97A-809C-455A-ACCF-5A93F00EBD40}.Release|x86.Build.0 = Release|Any CPU
		{83CF3CDF-06F6-48FF-A0C8-7A77622087BE}.Debug|Any CPU.ActiveCfg = Debug|Any CPU
		{83CF3CDF-06F6-48FF-A0C8-7A77622087BE}.Debug|Any CPU.Build.0 = Debug|Any CPU
		{83CF3CDF-06F6-48FF-A0C8-7A77622087BE}.Debug|x64.ActiveCfg = Debug|Any CPU
		{83CF3CDF-06F6-48FF-A0C8-7A77622087BE}.Debug|x64.Build.0 = Debug|Any CPU
		{83CF3CDF-06F6-48FF-A0C8-7A77622087BE}.Debug|x86.ActiveCfg = Debug|Any CPU
		{83CF3CDF-06F6-48FF-A0C8-7A77622087BE}.Debug|x86.Build.0 = Debug|Any CPU
		{83CF3CDF-06F6-48FF-A0C8-7A77622087BE}.Release|Any CPU.ActiveCfg = Release|Any CPU
		{83CF3CDF-06F6-48FF-A0C8-7A77622087BE}.Release|Any CPU.Build.0 = Release|Any CPU
		{83CF3CDF-06F6-48FF-A0C8-7A77622087BE}.Release|x64.ActiveCfg = Release|Any CPU
		{83CF3CDF-06F6-48FF-A0C8-7A77622087BE}.Release|x64.Build.0 = Release|Any CPU
		{83CF3CDF-06F6-48FF-A0C8-7A77622087BE}.Release|x86.ActiveCfg = Release|Any CPU
		{83CF3CDF-06F6-48FF-A0C8-7A77622087BE}.Release|x86.Build.0 = Release|Any CPU
		{4F7AA2B5-C5E3-4AC8-8F7A-330F2125D411}.Debug|Any CPU.ActiveCfg = Debug|Any CPU
		{4F7AA2B5-C5E3-4AC8-8F7A-330F2125D411}.Debug|Any CPU.Build.0 = Debug|Any CPU
		{4F7AA2B5-C5E3-4AC8-8F7A-330F2125D411}.Debug|x64.ActiveCfg = Debug|Any CPU
		{4F7AA2B5-C5E3-4AC8-8F7A-330F2125D411}.Debug|x64.Build.0 = Debug|Any CPU
		{4F7AA2B5-C5E3-4AC8-8F7A-330F2125D411}.Debug|x86.ActiveCfg = Debug|Any CPU
		{4F7AA2B5-C5E3-4AC8-8F7A-330F2125D411}.Debug|x86.Build.0 = Debug|Any CPU
		{4F7AA2B5-C5E3-4AC8-8F7A-330F2125D411}.Release|Any CPU.ActiveCfg = Release|Any CPU
		{4F7AA2B5-C5E3-4AC8-8F7A-330F2125D411}.Release|Any CPU.Build.0 = Release|Any CPU
		{4F7AA2B5-C5E3-4AC8-8F7A-330F2125D411}.Release|x64.ActiveCfg = Release|Any CPU
		{4F7AA2B5-C5E3-4AC8-8F7A-330F2125D411}.Release|x64.Build.0 = Release|Any CPU
		{4F7AA2B5-C5E3-4AC8-8F7A-330F2125D411}.Release|x86.ActiveCfg = Release|Any CPU
		{4F7AA2B5-C5E3-4AC8-8F7A-330F2125D411}.Release|x86.Build.0 = Release|Any CPU
		{0DFDDAC6-848A-4891-9F0E-19F46ED2A98A}.Debug|Any CPU.ActiveCfg = Debug|Any CPU
		{0DFDDAC6-848A-4891-9F0E-19F46ED2A98A}.Debug|Any CPU.Build.0 = Debug|Any CPU
		{0DFDDAC6-848A-4891-9F0E-19F46ED2A98A}.Debug|x64.ActiveCfg = Debug|Any CPU
		{0DFDDAC6-848A-4891-9F0E-19F46ED2A98A}.Debug|x64.Build.0 = Debug|Any CPU
		{0DFDDAC6-848A-4891-9F0E-19F46ED2A98A}.Debug|x86.ActiveCfg = Debug|Any CPU
		{0DFDDAC6-848A-4891-9F0E-19F46ED2A98A}.Debug|x86.Build.0 = Debug|Any CPU
		{0DFDDAC6-848A-4891-9F0E-19F46ED2A98A}.Release|Any CPU.ActiveCfg = Release|Any CPU
		{0DFDDAC6-848A-4891-9F0E-19F46ED2A98A}.Release|Any CPU.Build.0 = Release|Any CPU
		{0DFDDAC6-848A-4891-9F0E-19F46ED2A98A}.Release|x64.ActiveCfg = Release|Any CPU
		{0DFDDAC6-848A-4891-9F0E-19F46ED2A98A}.Release|x64.Build.0 = Release|Any CPU
		{0DFDDAC6-848A-4891-9F0E-19F46ED2A98A}.Release|x86.ActiveCfg = Release|Any CPU
		{0DFDDAC6-848A-4891-9F0E-19F46ED2A98A}.Release|x86.Build.0 = Release|Any CPU
		{7D1C94AC-C50D-429E-B48C-ABE03A96DE0D}.Debug|Any CPU.ActiveCfg = Debug|Any CPU
		{7D1C94AC-C50D-429E-B48C-ABE03A96DE0D}.Debug|Any CPU.Build.0 = Debug|Any CPU
		{7D1C94AC-C50D-429E-B48C-ABE03A96DE0D}.Debug|x64.ActiveCfg = Debug|Any CPU
		{7D1C94AC-C50D-429E-B48C-ABE03A96DE0D}.Debug|x64.Build.0 = Debug|Any CPU
		{7D1C94AC-C50D-429E-B48C-ABE03A96DE0D}.Debug|x86.ActiveCfg = Debug|Any CPU
		{7D1C94AC-C50D-429E-B48C-ABE03A96DE0D}.Debug|x86.Build.0 = Debug|Any CPU
		{7D1C94AC-C50D-429E-B48C-ABE03A96DE0D}.Release|Any CPU.ActiveCfg = Release|Any CPU
		{7D1C94AC-C50D-429E-B48C-ABE03A96DE0D}.Release|Any CPU.Build.0 = Release|Any CPU
		{7D1C94AC-C50D-429E-B48C-ABE03A96DE0D}.Release|x64.ActiveCfg = Release|Any CPU
		{7D1C94AC-C50D-429E-B48C-ABE03A96DE0D}.Release|x64.Build.0 = Release|Any CPU
		{7D1C94AC-C50D-429E-B48C-ABE03A96DE0D}.Release|x86.ActiveCfg = Release|Any CPU
		{7D1C94AC-C50D-429E-B48C-ABE03A96DE0D}.Release|x86.Build.0 = Release|Any CPU
		{AB9F89AF-95F0-441D-97D4-F6BADF73D4B3}.Debug|Any CPU.ActiveCfg = Debug|Any CPU
		{AB9F89AF-95F0-441D-97D4-F6BADF73D4B3}.Debug|Any CPU.Build.0 = Debug|Any CPU
		{AB9F89AF-95F0-441D-97D4-F6BADF73D4B3}.Debug|x64.ActiveCfg = Debug|Any CPU
		{AB9F89AF-95F0-441D-97D4-F6BADF73D4B3}.Debug|x64.Build.0 = Debug|Any CPU
		{AB9F89AF-95F0-441D-97D4-F6BADF73D4B3}.Debug|x86.ActiveCfg = Debug|Any CPU
		{AB9F89AF-95F0-441D-97D4-F6BADF73D4B3}.Debug|x86.Build.0 = Debug|Any CPU
		{AB9F89AF-95F0-441D-97D4-F6BADF73D4B3}.Release|Any CPU.ActiveCfg = Release|Any CPU
		{AB9F89AF-95F0-441D-97D4-F6BADF73D4B3}.Release|Any CPU.Build.0 = Release|Any CPU
		{AB9F89AF-95F0-441D-97D4-F6BADF73D4B3}.Release|x64.ActiveCfg = Release|Any CPU
		{AB9F89AF-95F0-441D-97D4-F6BADF73D4B3}.Release|x64.Build.0 = Release|Any CPU
		{AB9F89AF-95F0-441D-97D4-F6BADF73D4B3}.Release|x86.ActiveCfg = Release|Any CPU
		{AB9F89AF-95F0-441D-97D4-F6BADF73D4B3}.Release|x86.Build.0 = Release|Any CPU
		{9082E875-F13E-4C60-8774-9CD6B4545B15}.Debug|Any CPU.ActiveCfg = Debug|Any CPU
		{9082E875-F13E-4C60-8774-9CD6B4545B15}.Debug|Any CPU.Build.0 = Debug|Any CPU
		{9082E875-F13E-4C60-8774-9CD6B4545B15}.Debug|x64.ActiveCfg = Debug|Any CPU
		{9082E875-F13E-4C60-8774-9CD6B4545B15}.Debug|x64.Build.0 = Debug|Any CPU
		{9082E875-F13E-4C60-8774-9CD6B4545B15}.Debug|x86.ActiveCfg = Debug|Any CPU
		{9082E875-F13E-4C60-8774-9CD6B4545B15}.Debug|x86.Build.0 = Debug|Any CPU
		{9082E875-F13E-4C60-8774-9CD6B4545B15}.Release|Any CPU.ActiveCfg = Release|Any CPU
		{9082E875-F13E-4C60-8774-9CD6B4545B15}.Release|Any CPU.Build.0 = Release|Any CPU
		{9082E875-F13E-4C60-8774-9CD6B4545B15}.Release|x64.ActiveCfg = Release|Any CPU
		{9082E875-F13E-4C60-8774-9CD6B4545B15}.Release|x64.Build.0 = Release|Any CPU
		{9082E875-F13E-4C60-8774-9CD6B4545B15}.Release|x86.ActiveCfg = Release|Any CPU
		{9082E875-F13E-4C60-8774-9CD6B4545B15}.Release|x86.Build.0 = Release|Any CPU
		{32670D6A-72D7-4876-A2F0-5A8ADB6A3554}.Debug|Any CPU.ActiveCfg = Debug|Any CPU
		{32670D6A-72D7-4876-A2F0-5A8ADB6A3554}.Debug|Any CPU.Build.0 = Debug|Any CPU
		{32670D6A-72D7-4876-A2F0-5A8ADB6A3554}.Debug|x64.ActiveCfg = Debug|Any CPU
		{32670D6A-72D7-4876-A2F0-5A8ADB6A3554}.Debug|x64.Build.0 = Debug|Any CPU
		{32670D6A-72D7-4876-A2F0-5A8ADB6A3554}.Debug|x86.ActiveCfg = Debug|Any CPU
		{32670D6A-72D7-4876-A2F0-5A8ADB6A3554}.Debug|x86.Build.0 = Debug|Any CPU
		{32670D6A-72D7-4876-A2F0-5A8ADB6A3554}.Release|Any CPU.ActiveCfg = Release|Any CPU
		{32670D6A-72D7-4876-A2F0-5A8ADB6A3554}.Release|Any CPU.Build.0 = Release|Any CPU
		{32670D6A-72D7-4876-A2F0-5A8ADB6A3554}.Release|x64.ActiveCfg = Release|Any CPU
		{32670D6A-72D7-4876-A2F0-5A8ADB6A3554}.Release|x64.Build.0 = Release|Any CPU
		{32670D6A-72D7-4876-A2F0-5A8ADB6A3554}.Release|x86.ActiveCfg = Release|Any CPU
		{32670D6A-72D7-4876-A2F0-5A8ADB6A3554}.Release|x86.Build.0 = Release|Any CPU
		{28F9C708-1058-4B37-9C38-7E6297198F99}.Debug|Any CPU.ActiveCfg = Debug|Any CPU
		{28F9C708-1058-4B37-9C38-7E6297198F99}.Debug|Any CPU.Build.0 = Debug|Any CPU
		{28F9C708-1058-4B37-9C38-7E6297198F99}.Debug|x64.ActiveCfg = Debug|Any CPU
		{28F9C708-1058-4B37-9C38-7E6297198F99}.Debug|x64.Build.0 = Debug|Any CPU
		{28F9C708-1058-4B37-9C38-7E6297198F99}.Debug|x86.ActiveCfg = Debug|Any CPU
		{28F9C708-1058-4B37-9C38-7E6297198F99}.Debug|x86.Build.0 = Debug|Any CPU
		{28F9C708-1058-4B37-9C38-7E6297198F99}.Release|Any CPU.ActiveCfg = Release|Any CPU
		{28F9C708-1058-4B37-9C38-7E6297198F99}.Release|Any CPU.Build.0 = Release|Any CPU
		{28F9C708-1058-4B37-9C38-7E6297198F99}.Release|x64.ActiveCfg = Release|Any CPU
		{28F9C708-1058-4B37-9C38-7E6297198F99}.Release|x64.Build.0 = Release|Any CPU
		{28F9C708-1058-4B37-9C38-7E6297198F99}.Release|x86.ActiveCfg = Release|Any CPU
		{28F9C708-1058-4B37-9C38-7E6297198F99}.Release|x86.Build.0 = Release|Any CPU
		{7CAA31AE-0A45-4E7F-A4B5-A1A4991E8256}.Debug|Any CPU.ActiveCfg = Debug|Any CPU
		{7CAA31AE-0A45-4E7F-A4B5-A1A4991E8256}.Debug|Any CPU.Build.0 = Debug|Any CPU
		{7CAA31AE-0A45-4E7F-A4B5-A1A4991E8256}.Debug|x64.ActiveCfg = Debug|Any CPU
		{7CAA31AE-0A45-4E7F-A4B5-A1A4991E8256}.Debug|x64.Build.0 = Debug|Any CPU
		{7CAA31AE-0A45-4E7F-A4B5-A1A4991E8256}.Debug|x86.ActiveCfg = Debug|Any CPU
		{7CAA31AE-0A45-4E7F-A4B5-A1A4991E8256}.Debug|x86.Build.0 = Debug|Any CPU
		{7CAA31AE-0A45-4E7F-A4B5-A1A4991E8256}.Release|Any CPU.ActiveCfg = Release|Any CPU
		{7CAA31AE-0A45-4E7F-A4B5-A1A4991E8256}.Release|Any CPU.Build.0 = Release|Any CPU
		{7CAA31AE-0A45-4E7F-A4B5-A1A4991E8256}.Release|x64.ActiveCfg = Release|Any CPU
		{7CAA31AE-0A45-4E7F-A4B5-A1A4991E8256}.Release|x64.Build.0 = Release|Any CPU
		{7CAA31AE-0A45-4E7F-A4B5-A1A4991E8256}.Release|x86.ActiveCfg = Release|Any CPU
		{7CAA31AE-0A45-4E7F-A4B5-A1A4991E8256}.Release|x86.Build.0 = Release|Any CPU
		{9835F78F-C56E-4FC2-8C91-B7582CAE549A}.Debug|Any CPU.ActiveCfg = Debug|Any CPU
		{9835F78F-C56E-4FC2-8C91-B7582CAE549A}.Debug|Any CPU.Build.0 = Debug|Any CPU
		{9835F78F-C56E-4FC2-8C91-B7582CAE549A}.Debug|x64.ActiveCfg = Debug|Any CPU
		{9835F78F-C56E-4FC2-8C91-B7582CAE549A}.Debug|x64.Build.0 = Debug|Any CPU
		{9835F78F-C56E-4FC2-8C91-B7582CAE549A}.Debug|x86.ActiveCfg = Debug|Any CPU
		{9835F78F-C56E-4FC2-8C91-B7582CAE549A}.Debug|x86.Build.0 = Debug|Any CPU
		{9835F78F-C56E-4FC2-8C91-B7582CAE549A}.Release|Any CPU.ActiveCfg = Release|Any CPU
		{9835F78F-C56E-4FC2-8C91-B7582CAE549A}.Release|Any CPU.Build.0 = Release|Any CPU
		{9835F78F-C56E-4FC2-8C91-B7582CAE549A}.Release|x64.ActiveCfg = Release|Any CPU
		{9835F78F-C56E-4FC2-8C91-B7582CAE549A}.Release|x64.Build.0 = Release|Any CPU
		{9835F78F-C56E-4FC2-8C91-B7582CAE549A}.Release|x86.ActiveCfg = Release|Any CPU
		{9835F78F-C56E-4FC2-8C91-B7582CAE549A}.Release|x86.Build.0 = Release|Any CPU
		{B8C525FE-6953-4B37-9375-B1D05E111AA6}.Debug|Any CPU.ActiveCfg = Debug|Any CPU
		{B8C525FE-6953-4B37-9375-B1D05E111AA6}.Debug|Any CPU.Build.0 = Debug|Any CPU
		{B8C525FE-6953-4B37-9375-B1D05E111AA6}.Debug|x64.ActiveCfg = Debug|Any CPU
		{B8C525FE-6953-4B37-9375-B1D05E111AA6}.Debug|x64.Build.0 = Debug|Any CPU
		{B8C525FE-6953-4B37-9375-B1D05E111AA6}.Debug|x86.ActiveCfg = Debug|Any CPU
		{B8C525FE-6953-4B37-9375-B1D05E111AA6}.Debug|x86.Build.0 = Debug|Any CPU
		{B8C525FE-6953-4B37-9375-B1D05E111AA6}.Release|Any CPU.ActiveCfg = Release|Any CPU
		{B8C525FE-6953-4B37-9375-B1D05E111AA6}.Release|Any CPU.Build.0 = Release|Any CPU
		{B8C525FE-6953-4B37-9375-B1D05E111AA6}.Release|x64.ActiveCfg = Release|Any CPU
		{B8C525FE-6953-4B37-9375-B1D05E111AA6}.Release|x64.Build.0 = Release|Any CPU
		{B8C525FE-6953-4B37-9375-B1D05E111AA6}.Release|x86.ActiveCfg = Release|Any CPU
		{B8C525FE-6953-4B37-9375-B1D05E111AA6}.Release|x86.Build.0 = Release|Any CPU
		{F687BAF7-71DD-4323-A2DC-886A36FD17DC}.Debug|Any CPU.ActiveCfg = Debug|Any CPU
		{F687BAF7-71DD-4323-A2DC-886A36FD17DC}.Debug|Any CPU.Build.0 = Debug|Any CPU
		{F687BAF7-71DD-4323-A2DC-886A36FD17DC}.Debug|x64.ActiveCfg = Debug|Any CPU
		{F687BAF7-71DD-4323-A2DC-886A36FD17DC}.Debug|x64.Build.0 = Debug|Any CPU
		{F687BAF7-71DD-4323-A2DC-886A36FD17DC}.Debug|x86.ActiveCfg = Debug|Any CPU
		{F687BAF7-71DD-4323-A2DC-886A36FD17DC}.Debug|x86.Build.0 = Debug|Any CPU
		{F687BAF7-71DD-4323-A2DC-886A36FD17DC}.Release|Any CPU.ActiveCfg = Release|Any CPU
		{F687BAF7-71DD-4323-A2DC-886A36FD17DC}.Release|Any CPU.Build.0 = Release|Any CPU
		{F687BAF7-71DD-4323-A2DC-886A36FD17DC}.Release|x64.ActiveCfg = Release|Any CPU
		{F687BAF7-71DD-4323-A2DC-886A36FD17DC}.Release|x64.Build.0 = Release|Any CPU
		{F687BAF7-71DD-4323-A2DC-886A36FD17DC}.Release|x86.ActiveCfg = Release|Any CPU
		{F687BAF7-71DD-4323-A2DC-886A36FD17DC}.Release|x86.Build.0 = Release|Any CPU
		{4A6F2EE9-1BB3-46AC-90EE-1AEAF9753393}.Debug|Any CPU.ActiveCfg = Debug|Any CPU
		{4A6F2EE9-1BB3-46AC-90EE-1AEAF9753393}.Debug|Any CPU.Build.0 = Debug|Any CPU
		{4A6F2EE9-1BB3-46AC-90EE-1AEAF9753393}.Debug|x64.ActiveCfg = Debug|Any CPU
		{4A6F2EE9-1BB3-46AC-90EE-1AEAF9753393}.Debug|x64.Build.0 = Debug|Any CPU
		{4A6F2EE9-1BB3-46AC-90EE-1AEAF9753393}.Debug|x86.ActiveCfg = Debug|Any CPU
		{4A6F2EE9-1BB3-46AC-90EE-1AEAF9753393}.Debug|x86.Build.0 = Debug|Any CPU
		{4A6F2EE9-1BB3-46AC-90EE-1AEAF9753393}.Release|Any CPU.ActiveCfg = Release|Any CPU
		{4A6F2EE9-1BB3-46AC-90EE-1AEAF9753393}.Release|Any CPU.Build.0 = Release|Any CPU
		{4A6F2EE9-1BB3-46AC-90EE-1AEAF9753393}.Release|x64.ActiveCfg = Release|Any CPU
		{4A6F2EE9-1BB3-46AC-90EE-1AEAF9753393}.Release|x64.Build.0 = Release|Any CPU
		{4A6F2EE9-1BB3-46AC-90EE-1AEAF9753393}.Release|x86.ActiveCfg = Release|Any CPU
		{4A6F2EE9-1BB3-46AC-90EE-1AEAF9753393}.Release|x86.Build.0 = Release|Any CPU
		{DF0900D0-3BD2-4E08-9BF9-181BCDB09C28}.Debug|Any CPU.ActiveCfg = Debug|Any CPU
		{DF0900D0-3BD2-4E08-9BF9-181BCDB09C28}.Debug|Any CPU.Build.0 = Debug|Any CPU
		{DF0900D0-3BD2-4E08-9BF9-181BCDB09C28}.Debug|x64.ActiveCfg = Debug|Any CPU
		{DF0900D0-3BD2-4E08-9BF9-181BCDB09C28}.Debug|x64.Build.0 = Debug|Any CPU
		{DF0900D0-3BD2-4E08-9BF9-181BCDB09C28}.Debug|x86.ActiveCfg = Debug|Any CPU
		{DF0900D0-3BD2-4E08-9BF9-181BCDB09C28}.Debug|x86.Build.0 = Debug|Any CPU
		{DF0900D0-3BD2-4E08-9BF9-181BCDB09C28}.Release|Any CPU.ActiveCfg = Release|Any CPU
		{DF0900D0-3BD2-4E08-9BF9-181BCDB09C28}.Release|Any CPU.Build.0 = Release|Any CPU
		{DF0900D0-3BD2-4E08-9BF9-181BCDB09C28}.Release|x64.ActiveCfg = Release|Any CPU
		{DF0900D0-3BD2-4E08-9BF9-181BCDB09C28}.Release|x64.Build.0 = Release|Any CPU
		{DF0900D0-3BD2-4E08-9BF9-181BCDB09C28}.Release|x86.ActiveCfg = Release|Any CPU
		{DF0900D0-3BD2-4E08-9BF9-181BCDB09C28}.Release|x86.Build.0 = Release|Any CPU
		{5331B9BB-364B-4098-982B-680BB0C01415}.Debug|Any CPU.ActiveCfg = Debug|Any CPU
		{5331B9BB-364B-4098-982B-680BB0C01415}.Debug|Any CPU.Build.0 = Debug|Any CPU
		{5331B9BB-364B-4098-982B-680BB0C01415}.Debug|x64.ActiveCfg = Debug|Any CPU
		{5331B9BB-364B-4098-982B-680BB0C01415}.Debug|x64.Build.0 = Debug|Any CPU
		{5331B9BB-364B-4098-982B-680BB0C01415}.Debug|x86.ActiveCfg = Debug|Any CPU
		{5331B9BB-364B-4098-982B-680BB0C01415}.Debug|x86.Build.0 = Debug|Any CPU
		{5331B9BB-364B-4098-982B-680BB0C01415}.Release|Any CPU.ActiveCfg = Release|Any CPU
		{5331B9BB-364B-4098-982B-680BB0C01415}.Release|Any CPU.Build.0 = Release|Any CPU
		{5331B9BB-364B-4098-982B-680BB0C01415}.Release|x64.ActiveCfg = Release|Any CPU
		{5331B9BB-364B-4098-982B-680BB0C01415}.Release|x64.Build.0 = Release|Any CPU
		{5331B9BB-364B-4098-982B-680BB0C01415}.Release|x86.ActiveCfg = Release|Any CPU
		{5331B9BB-364B-4098-982B-680BB0C01415}.Release|x86.Build.0 = Release|Any CPU
		{C7DAD3AD-9821-4408-BBBA-AC13C897D6B3}.Debug|Any CPU.ActiveCfg = Debug|Any CPU
		{C7DAD3AD-9821-4408-BBBA-AC13C897D6B3}.Debug|Any CPU.Build.0 = Debug|Any CPU
		{C7DAD3AD-9821-4408-BBBA-AC13C897D6B3}.Debug|x64.ActiveCfg = Debug|Any CPU
		{C7DAD3AD-9821-4408-BBBA-AC13C897D6B3}.Debug|x64.Build.0 = Debug|Any CPU
		{C7DAD3AD-9821-4408-BBBA-AC13C897D6B3}.Debug|x86.ActiveCfg = Debug|Any CPU
		{C7DAD3AD-9821-4408-BBBA-AC13C897D6B3}.Debug|x86.Build.0 = Debug|Any CPU
		{C7DAD3AD-9821-4408-BBBA-AC13C897D6B3}.Release|Any CPU.ActiveCfg = Release|Any CPU
		{C7DAD3AD-9821-4408-BBBA-AC13C897D6B3}.Release|Any CPU.Build.0 = Release|Any CPU
		{C7DAD3AD-9821-4408-BBBA-AC13C897D6B3}.Release|x64.ActiveCfg = Release|Any CPU
		{C7DAD3AD-9821-4408-BBBA-AC13C897D6B3}.Release|x64.Build.0 = Release|Any CPU
		{C7DAD3AD-9821-4408-BBBA-AC13C897D6B3}.Release|x86.ActiveCfg = Release|Any CPU
		{C7DAD3AD-9821-4408-BBBA-AC13C897D6B3}.Release|x86.Build.0 = Release|Any CPU
	EndGlobalSection
	GlobalSection(SolutionProperties) = preSolution
		HideSolutionNode = FALSE
	EndGlobalSection
	GlobalSection(NestedProjects) = preSolution
		{0514E0D5-4A8E-431C-B128-06CEF357E658} = {0AB3BF05-4346-4AA6-1389-037BE0695223}
		{2026A97A-809C-455A-ACCF-5A93F00EBD40} = {0AB3BF05-4346-4AA6-1389-037BE0695223}
		{4F7AA2B5-C5E3-4AC8-8F7A-330F2125D411} = {0AB3BF05-4346-4AA6-1389-037BE0695223}
		{32670D6A-72D7-4876-A2F0-5A8ADB6A3554} = {0AB3BF05-4346-4AA6-1389-037BE0695223}
		{28F9C708-1058-4B37-9C38-7E6297198F99} = {0AB3BF05-4346-4AA6-1389-037BE0695223}
		{9835F78F-C56E-4FC2-8C91-B7582CAE549A} = {0AB3BF05-4346-4AA6-1389-037BE0695223}
		{F687BAF7-71DD-4323-A2DC-886A36FD17DC} = {0AB3BF05-4346-4AA6-1389-037BE0695223}
		{DF0900D0-3BD2-4E08-9BF9-181BCDB09C28} = {0AB3BF05-4346-4AA6-1389-037BE0695223}
	EndGlobalSection
EndGlobal
