
Microsoft Visual Studio Solution File, Format Version 12.00
# Visual Studio Version 17
VisualStudioVersion = 17.0.31903.59
MinimumVisualStudioVersion = 10.0.40219.1
Project("{FAE04EC0-301F-11D3-BF4B-00C04F79EFBC}") = "Data.Dbf", "src\Data.Dbf\Data.Dbf.csproj", "{3FFB33D7-545D-4BE4-90B7-D95529492C19}"
EndProject
Project("{FAE04EC0-301F-11D3-BF4B-00C04F79EFBC}") = "IO.Geometry.Shapefile", "src\IO.Geometry.Shapefile\IO.Geometry.Shapefile.csproj", "{9563D2CA-CC8C-4B32-9FE5-AA8325DAD3F8}"
EndProject
Project("{2150E333-8FDC-42A3-9474-1A3956D46DE8}") = "tests", "tests", "{0AB3BF05-4346-4AA6-1389-037BE0695223}"
	ProjectSection(SolutionItems) = preProject
		tests\Directory.Packages.props = tests\Directory.Packages.props
		tests\Directory.Build.props = tests\Directory.Build.props
	EndProjectSection
EndProject
Project("{FAE04EC0-301F-11D3-BF4B-00C04F79EFBC}") = "Data.Dbf.Tests", "tests\Data.Dbf.Tests\Data.Dbf.Tests.csproj", "{0514E0D5-4A8E-431C-B128-06CEF357E658}"
EndProject
Project("{FAE04EC0-301F-11D3-BF4B-00C04F79EFBC}") = "IO.Geometry", "src\IO.Geometry\IO.Geometry.csproj", "{EA615AA8-BA8D-42AA-BA8D-FE2451DCEE3A}"
EndProject
Project("{2150E333-8FDC-42A3-9474-1A3956D46DE8}") = "Solution Items", "Solution Items", "{4602FDD7-5ACE-4D0B-A649-DFF9011D8646}"
	ProjectSection(SolutionItems) = preProject
		.editorconfig = .editorconfig
		Directory.Packages.props = Directory.Packages.props
		Directory.Build.props = Directory.Build.props
		Directory.Build.targets = Directory.Build.targets
		nuget.config = nuget.config
		global.json = global.json
	EndProjectSection
EndProject
Project("{FAE04EC0-301F-11D3-BF4B-00C04F79EFBC}") = "IO.Geometry.Tests", "tests\IO.Geometry.Tests\IO.Geometry.Tests.csproj", "{2026A97A-809C-455A-ACCF-5A93F00EBD40}"
EndProject
Project("{FAE04EC0-301F-11D3-BF4B-00C04F79EFBC}") = "IO.Geodesy", "src\IO.Geodesy\IO.Geodesy.csproj", "{83CF3CDF-06F6-48FF-A0C8-7A77622087BE}"
EndProject
Project("{FAE04EC0-301F-11D3-BF4B-00C04F79EFBC}") = "IO.Geometry.Shapefile.Tests", "tests\IO.Geometry.Shapefile.Tests\IO.Geometry.Shapefile.Tests.csproj", "{4F7AA2B5-C5E3-4AC8-8F7A-330F2125D411}"
EndProject
Project("{FAE04EC0-301F-11D3-BF4B-00C04F79EFBC}") = "Data.Geometry", "src\Data.Geometry\Data.Geometry.csproj", "{0DFDDAC6-848A-4891-9F0E-19F46ED2A98A}"
EndProject
Project("{FAE04EC0-301F-11D3-BF4B-00C04F79EFBC}") = "Geometry", "src\Geometry\Geometry.csproj", "{7D1C94AC-C50D-429E-B48C-ABE03A96DE0D}"
EndProject
Project("{FAE04EC0-301F-11D3-BF4B-00C04F79EFBC}") = "Data.Sqlite.Core", "src\Data.Sqlite.Core\Data.Sqlite.Core.csproj", "{AB9F89AF-95F0-441D-97D4-F6BADF73D4B3}"
EndProject
Project("{FAE04EC0-301F-11D3-BF4B-00C04F79EFBC}") = "Data.Spatialite.Core", "src\Data.Spatialite.Core\Data.Spatialite.Core.csproj", "{9082E875-F13E-4C60-8774-9CD6B4545B15}"
EndProject
Project("{FAE04EC0-301F-11D3-BF4B-00C04F79EFBC}") = "Data.Sqlite.Tests", "tests\Data.Sqlite.Tests\Data.Sqlite.Tests.csproj", "{32670D6A-72D7-4876-A2F0-5A8ADB6A3554}"
EndProject
Project("{FAE04EC0-301F-11D3-BF4B-00C04F79EFBC}") = "Data.Spatialite.Tests", "tests\Data.Spatialite.Tests\Data.Spatialite.Tests.csproj", "{28F9C708-1058-4B37-9C38-7E6297198F99}"
EndProject
Project("{FAE04EC0-301F-11D3-BF4B-00C04F79EFBC}") = "IO.Geometry.Spatialite.Core", "src\IO.Geometry.Spatialite.Core\IO.Geometry.Spatialite.Core.csproj", "{7CAA31AE-0A45-4E7F-A4B5-A1A4991E8256}"
EndProject
Project("{FAE04EC0-301F-11D3-BF4B-00C04F79EFBC}") = "IO.Geometry.Spatialite.Tests", "tests\IO.Geometry.Spatialite.Tests\IO.Geometry.Spatialite.Tests.csproj", "{9835F78F-C56E-4FC2-8C91-B7582CAE549A}"
EndProject
Project("{FAE04EC0-301F-11D3-BF4B-00C04F79EFBC}") = "Text.GeoJson", "src\Text.GeoJson\Text.GeoJson.csproj", "{B8C525FE-6953-4B37-9375-B1D05E111AA6}"
EndProject
Project("{FAE04EC0-301F-11D3-BF4B-00C04F79EFBC}") = "Text.GeoJson.Tests", "tests\Text.GeoJson.Tests\Text.GeoJson.Tests.csproj", "{F687BAF7-71DD-4323-A2DC-886A36FD17DC}"
EndProject
Project("{FAE04EC0-301F-11D3-BF4B-00C04F79EFBC}") = "Text.GeoJson.Stac", "src\Text.GeoJson.Stac\Text.GeoJson.Stac.csproj", "{4A6F2EE9-1BB3-46AC-90EE-1AEAF9753393}"
EndProject
Project("{FAE04EC0-301F-11D3-BF4B-00C04F79EFBC}") = "Text.GeoJson.Stac.Tests", "tests\Text.GeoJson.Stac.Tests\Text.GeoJson.Stac.Tests.csproj", "{DF0900D0-3BD2-4E08-9BF9-181BCDB09C28}"
EndProject
Project("{FAE04EC0-301F-11D3-BF4B-00C04F79EFBC}") = "Grpc.Geometry.Tools", "src\Grpc.Geometry.Tools\Grpc.Geometry.Tools.csproj", "{5331B9BB-364B-4098-982B-680BB0C01415}"
EndProject
Project("{FAE04EC0-301F-11D3-BF4B-00C04F79EFBC}") = "Geometry.Protobuf", "src\Geometry.Protobuf\Geometry.Protobuf.csproj", "{C7DAD3AD-9821-4408-BBBA-AC13C897D6B3}"
EndProject
Project("{FAE04EC0-301F-11D3-BF4B-00C04F79EFBC}") = "Geometry.Protobuf.Tests", "tests\Geometry.Protobuf.Tests\Geometry.Protobuf.Tests.csproj", "{CBFE336B-FA67-42A1-838C-8E312F48FC65}"
EndProject
Project("{2150E333-8FDC-42A3-9474-1A3956D46DE8}") = ".github", ".github", "{F183B24D-8047-462D-81F6-C672C9F73AEB}"
EndProject
Project("{2150E333-8FDC-42A3-9474-1A3956D46DE8}") = "workflows", "workflows", "{74841171-06B1-4D79-98BF-C41F6BBDEF2B}"
	ProjectSection(SolutionItems) = preProject
		.github\workflows\build.yml = .github\workflows\build.yml
		.github\workflows\tests.yml = .github\workflows\tests.yml
	EndProjectSection
EndProject
Project("{2150E333-8FDC-42A3-9474-1A3956D46DE8}") = "tools", "tools", "{F2EE0B1A-5E7C-4BE2-A300-8772D61D4B8A}"
	ProjectSection(SolutionItems) = preProject
		tools\Directory.Packages.props = tools\Directory.Packages.props
		tools\Directory.Build.props = tools\Directory.Build.props
	EndProjectSection
EndProject
Project("{FAE04EC0-301F-11D3-BF4B-00C04F79EFBC}") = "dbfdump", "tools\dbfdump\dbfdump.csproj", "{23FB9C75-02F4-45CA-967E-EDE50D618498}"
EndProject
Project("{FAE04EC0-301F-11D3-BF4B-00C04F79EFBC}") = "shpdump", "tools\shpdump\shpdump.csproj", "{14FB55EB-33FD-406F-901B-1DD46D428620}"
EndProject
Project("{FAE04EC0-301F-11D3-BF4B-00C04F79EFBC}") = "shptree", "tools\shptree\shptree.csproj", "{C03218A0-DDE5-4382-9C36-A76E9B52DC06}"
EndProject
Project("{FAE04EC0-301F-11D3-BF4B-00C04F79EFBC}") = "shptreevis", "tools\shptreevis\shptreevis.csproj", "{876F2BCD-CA8D-4D02-9900-2FD32C5B5359}"
EndProject
Project("{FAE04EC0-301F-11D3-BF4B-00C04F79EFBC}") = "IO.Geometry.MapInfo", "src\IO.Geometry.MapInfo\IO.Geometry.MapInfo.csproj", "{9F8DEA09-ACBA-4EDD-B2CC-0E76BDF55B9F}"
EndProject
Project("{FAE04EC0-301F-11D3-BF4B-00C04F79EFBC}") = "IO.Geometry.MapInfo.Tests", "tests\IO.Geometry.MapInfo.Tests\IO.Geometry.MapInfo.Tests.csproj", "{77E8FA53-4B13-48B9-83BD-9574EB11C144}"
EndProject
Project("{2150E333-8FDC-42A3-9474-1A3956D46DE8}") = "src", "src", "{5B97522E-8AEF-420A-9022-A91B63485CD4}"
	ProjectSection(SolutionItems) = preProject
		src\Directory.Packages.props = src\Directory.Packages.props
		src\Directory.Build.props = src\Directory.Build.props
		src\Directory.Build.targets = src\Directory.Build.targets
	EndProjectSection
EndProject
Project("{FAE04EC0-301F-11D3-BF4B-00C04F79EFBC}") = "Data.GeoPackage.Core", "src\Data.GeoPackage.Core\Data.GeoPackage.Core.csproj", "{E620E1F8-BE8B-4EE3-880B-7EE2F6F366D2}"
EndProject
Project("{FAE04EC0-301F-11D3-BF4B-00C04F79EFBC}") = "Data.GeoPackage.Tests", "tests\Data.GeoPackage.Tests\Data.GeoPackage.Tests.csproj", "{58110E5A-DF46-4C7C-8A07-93B030F885CA}"
EndProject
Project("{FAE04EC0-301F-11D3-BF4B-00C04F79EFBC}") = "Geometry.Tests", "tests\Geometry.Tests\Geometry.Tests.csproj", "{048963E6-F357-4AC9-A4A6-FD1D3A30224E}"
EndProject
Project("{FAE04EC0-301F-11D3-BF4B-00C04F79EFBC}") = "Data.Sqlite", "src\Data.Sqlite\Data.Sqlite.csproj", "{4A9AE8F0-B8CA-44B3-B71F-138A095917EB}"
EndProject
Project("{FAE04EC0-301F-11D3-BF4B-00C04F79EFBC}") = "Data.Spatialite", "src\Data.Spatialite\Data.Spatialite.csproj", "{852A55DE-71B1-45D1-BD43-FCAD865BEF17}"
EndProject
Project("{FAE04EC0-301F-11D3-BF4B-00C04F79EFBC}") = "Data.GeoPackage", "src\Data.GeoPackage\Data.GeoPackage.csproj", "{9780C2BC-7C8B-4E0D-885F-50AB3A9856FC}"
EndProject
Project("{FAE04EC0-301F-11D3-BF4B-00C04F79EFBC}") = "IO.Geometry.Spatialite", "src\IO.Geometry.Spatialite\IO.Geometry.Spatialite.csproj", "{69EDA97F-AC66-4E8C-81E9-4AE8E7C02CBB}"
EndProject
Global
	GlobalSection(SolutionConfigurationPlatforms) = preSolution
		Debug|Any CPU = Debug|Any CPU
		Release|Any CPU = Release|Any CPU
	EndGlobalSection
	GlobalSection(ProjectConfigurationPlatforms) = postSolution
		{3FFB33D7-545D-4BE4-90B7-D95529492C19}.Debug|Any CPU.ActiveCfg = Debug|Any CPU
		{3FFB33D7-545D-4BE4-90B7-D95529492C19}.Debug|Any CPU.Build.0 = Debug|Any CPU
		{3FFB33D7-545D-4BE4-90B7-D95529492C19}.Release|Any CPU.ActiveCfg = Release|Any CPU
		{3FFB33D7-545D-4BE4-90B7-D95529492C19}.Release|Any CPU.Build.0 = Release|Any CPU
		{9563D2CA-CC8C-4B32-9FE5-AA8325DAD3F8}.Debug|Any CPU.ActiveCfg = Debug|Any CPU
		{9563D2CA-CC8C-4B32-9FE5-AA8325DAD3F8}.Debug|Any CPU.Build.0 = Debug|Any CPU
		{9563D2CA-CC8C-4B32-9FE5-AA8325DAD3F8}.Release|Any CPU.ActiveCfg = Release|Any CPU
		{9563D2CA-CC8C-4B32-9FE5-AA8325DAD3F8}.Release|Any CPU.Build.0 = Release|Any CPU
		{0514E0D5-4A8E-431C-B128-06CEF357E658}.Debug|Any CPU.ActiveCfg = Debug|Any CPU
		{0514E0D5-4A8E-431C-B128-06CEF357E658}.Debug|Any CPU.Build.0 = Debug|Any CPU
		{0514E0D5-4A8E-431C-B128-06CEF357E658}.Release|Any CPU.ActiveCfg = Release|Any CPU
		{EA615AA8-BA8D-42AA-BA8D-FE2451DCEE3A}.Debug|Any CPU.ActiveCfg = Debug|Any CPU
		{EA615AA8-BA8D-42AA-BA8D-FE2451DCEE3A}.Debug|Any CPU.Build.0 = Debug|Any CPU
		{EA615AA8-BA8D-42AA-BA8D-FE2451DCEE3A}.Release|Any CPU.ActiveCfg = Release|Any CPU
		{EA615AA8-BA8D-42AA-BA8D-FE2451DCEE3A}.Release|Any CPU.Build.0 = Release|Any CPU
		{2026A97A-809C-455A-ACCF-5A93F00EBD40}.Debug|Any CPU.ActiveCfg = Debug|Any CPU
		{2026A97A-809C-455A-ACCF-5A93F00EBD40}.Debug|Any CPU.Build.0 = Debug|Any CPU
		{2026A97A-809C-455A-ACCF-5A93F00EBD40}.Release|Any CPU.ActiveCfg = Release|Any CPU
		{83CF3CDF-06F6-48FF-A0C8-7A77622087BE}.Debug|Any CPU.ActiveCfg = Debug|Any CPU
		{83CF3CDF-06F6-48FF-A0C8-7A77622087BE}.Debug|Any CPU.Build.0 = Debug|Any CPU
		{83CF3CDF-06F6-48FF-A0C8-7A77622087BE}.Release|Any CPU.ActiveCfg = Release|Any CPU
		{83CF3CDF-06F6-48FF-A0C8-7A77622087BE}.Release|Any CPU.Build.0 = Release|Any CPU
		{4F7AA2B5-C5E3-4AC8-8F7A-330F2125D411}.Debug|Any CPU.ActiveCfg = Debug|Any CPU
		{4F7AA2B5-C5E3-4AC8-8F7A-330F2125D411}.Debug|Any CPU.Build.0 = Debug|Any CPU
		{4F7AA2B5-C5E3-4AC8-8F7A-330F2125D411}.Release|Any CPU.ActiveCfg = Release|Any CPU
		{0DFDDAC6-848A-4891-9F0E-19F46ED2A98A}.Debug|Any CPU.ActiveCfg = Debug|Any CPU
		{0DFDDAC6-848A-4891-9F0E-19F46ED2A98A}.Debug|Any CPU.Build.0 = Debug|Any CPU
		{0DFDDAC6-848A-4891-9F0E-19F46ED2A98A}.Release|Any CPU.ActiveCfg = Release|Any CPU
		{0DFDDAC6-848A-4891-9F0E-19F46ED2A98A}.Release|Any CPU.Build.0 = Release|Any CPU
		{7D1C94AC-C50D-429E-B48C-ABE03A96DE0D}.Debug|Any CPU.ActiveCfg = Debug|Any CPU
		{7D1C94AC-C50D-429E-B48C-ABE03A96DE0D}.Debug|Any CPU.Build.0 = Debug|Any CPU
		{7D1C94AC-C50D-429E-B48C-ABE03A96DE0D}.Release|Any CPU.ActiveCfg = Release|Any CPU
		{7D1C94AC-C50D-429E-B48C-ABE03A96DE0D}.Release|Any CPU.Build.0 = Release|Any CPU
		{AB9F89AF-95F0-441D-97D4-F6BADF73D4B3}.Debug|Any CPU.ActiveCfg = Debug|Any CPU
		{AB9F89AF-95F0-441D-97D4-F6BADF73D4B3}.Debug|Any CPU.Build.0 = Debug|Any CPU
		{AB9F89AF-95F0-441D-97D4-F6BADF73D4B3}.Release|Any CPU.ActiveCfg = Release|Any CPU
		{AB9F89AF-95F0-441D-97D4-F6BADF73D4B3}.Release|Any CPU.Build.0 = Release|Any CPU
		{9082E875-F13E-4C60-8774-9CD6B4545B15}.Debug|Any CPU.ActiveCfg = Debug|Any CPU
		{9082E875-F13E-4C60-8774-9CD6B4545B15}.Debug|Any CPU.Build.0 = Debug|Any CPU
		{9082E875-F13E-4C60-8774-9CD6B4545B15}.Release|Any CPU.ActiveCfg = Release|Any CPU
		{9082E875-F13E-4C60-8774-9CD6B4545B15}.Release|Any CPU.Build.0 = Release|Any CPU
		{32670D6A-72D7-4876-A2F0-5A8ADB6A3554}.Debug|Any CPU.ActiveCfg = Debug|Any CPU
		{32670D6A-72D7-4876-A2F0-5A8ADB6A3554}.Debug|Any CPU.Build.0 = Debug|Any CPU
		{32670D6A-72D7-4876-A2F0-5A8ADB6A3554}.Release|Any CPU.ActiveCfg = Release|Any CPU
		{28F9C708-1058-4B37-9C38-7E6297198F99}.Debug|Any CPU.ActiveCfg = Debug|Any CPU
		{28F9C708-1058-4B37-9C38-7E6297198F99}.Debug|Any CPU.Build.0 = Debug|Any CPU
		{28F9C708-1058-4B37-9C38-7E6297198F99}.Release|Any CPU.ActiveCfg = Release|Any CPU
		{7CAA31AE-0A45-4E7F-A4B5-A1A4991E8256}.Debug|Any CPU.ActiveCfg = Debug|Any CPU
		{7CAA31AE-0A45-4E7F-A4B5-A1A4991E8256}.Debug|Any CPU.Build.0 = Debug|Any CPU
		{7CAA31AE-0A45-4E7F-A4B5-A1A4991E8256}.Release|Any CPU.ActiveCfg = Release|Any CPU
		{7CAA31AE-0A45-4E7F-A4B5-A1A4991E8256}.Release|Any CPU.Build.0 = Release|Any CPU
		{9835F78F-C56E-4FC2-8C91-B7582CAE549A}.Debug|Any CPU.ActiveCfg = Debug|Any CPU
		{9835F78F-C56E-4FC2-8C91-B7582CAE549A}.Debug|Any CPU.Build.0 = Debug|Any CPU
		{9835F78F-C56E-4FC2-8C91-B7582CAE549A}.Release|Any CPU.ActiveCfg = Release|Any CPU
		{B8C525FE-6953-4B37-9375-B1D05E111AA6}.Debug|Any CPU.ActiveCfg = Debug|Any CPU
		{B8C525FE-6953-4B37-9375-B1D05E111AA6}.Debug|Any CPU.Build.0 = Debug|Any CPU
		{B8C525FE-6953-4B37-9375-B1D05E111AA6}.Release|Any CPU.ActiveCfg = Release|Any CPU
		{B8C525FE-6953-4B37-9375-B1D05E111AA6}.Release|Any CPU.Build.0 = Release|Any CPU
		{F687BAF7-71DD-4323-A2DC-886A36FD17DC}.Debug|Any CPU.ActiveCfg = Debug|Any CPU
		{F687BAF7-71DD-4323-A2DC-886A36FD17DC}.Debug|Any CPU.Build.0 = Debug|Any CPU
		{F687BAF7-71DD-4323-A2DC-886A36FD17DC}.Release|Any CPU.ActiveCfg = Release|Any CPU
		{4A6F2EE9-1BB3-46AC-90EE-1AEAF9753393}.Debug|Any CPU.ActiveCfg = Debug|Any CPU
		{4A6F2EE9-1BB3-46AC-90EE-1AEAF9753393}.Debug|Any CPU.Build.0 = Debug|Any CPU
		{4A6F2EE9-1BB3-46AC-90EE-1AEAF9753393}.Release|Any CPU.ActiveCfg = Release|Any CPU
		{4A6F2EE9-1BB3-46AC-90EE-1AEAF9753393}.Release|Any CPU.Build.0 = Release|Any CPU
		{DF0900D0-3BD2-4E08-9BF9-181BCDB09C28}.Debug|Any CPU.ActiveCfg = Debug|Any CPU
		{DF0900D0-3BD2-4E08-9BF9-181BCDB09C28}.Debug|Any CPU.Build.0 = Debug|Any CPU
		{DF0900D0-3BD2-4E08-9BF9-181BCDB09C28}.Release|Any CPU.ActiveCfg = Release|Any CPU
		{5331B9BB-364B-4098-982B-680BB0C01415}.Debug|Any CPU.ActiveCfg = Debug|Any CPU
		{5331B9BB-364B-4098-982B-680BB0C01415}.Debug|Any CPU.Build.0 = Debug|Any CPU
		{5331B9BB-364B-4098-982B-680BB0C01415}.Release|Any CPU.ActiveCfg = Release|Any CPU
		{5331B9BB-364B-4098-982B-680BB0C01415}.Release|Any CPU.Build.0 = Release|Any CPU
		{C7DAD3AD-9821-4408-BBBA-AC13C897D6B3}.Debug|Any CPU.ActiveCfg = Debug|Any CPU
		{C7DAD3AD-9821-4408-BBBA-AC13C897D6B3}.Debug|Any CPU.Build.0 = Debug|Any CPU
		{C7DAD3AD-9821-4408-BBBA-AC13C897D6B3}.Release|Any CPU.ActiveCfg = Release|Any CPU
		{C7DAD3AD-9821-4408-BBBA-AC13C897D6B3}.Release|Any CPU.Build.0 = Release|Any CPU
		{CBFE336B-FA67-42A1-838C-8E312F48FC65}.Debug|Any CPU.ActiveCfg = Debug|Any CPU
		{CBFE336B-FA67-42A1-838C-8E312F48FC65}.Debug|Any CPU.Build.0 = Debug|Any CPU
		{CBFE336B-FA67-42A1-838C-8E312F48FC65}.Release|Any CPU.ActiveCfg = Release|Any CPU
		{23FB9C75-02F4-45CA-967E-EDE50D618498}.Debug|Any CPU.ActiveCfg = Debug|Any CPU
		{23FB9C75-02F4-45CA-967E-EDE50D618498}.Debug|Any CPU.Build.0 = Debug|Any CPU
		{23FB9C75-02F4-45CA-967E-EDE50D618498}.Release|Any CPU.ActiveCfg = Release|Any CPU
		{23FB9C75-02F4-45CA-967E-EDE50D618498}.Release|Any CPU.Build.0 = Release|Any CPU
		{14FB55EB-33FD-406F-901B-1DD46D428620}.Debug|Any CPU.ActiveCfg = Debug|Any CPU
		{14FB55EB-33FD-406F-901B-1DD46D428620}.Debug|Any CPU.Build.0 = Debug|Any CPU
		{14FB55EB-33FD-406F-901B-1DD46D428620}.Release|Any CPU.ActiveCfg = Release|Any CPU
		{14FB55EB-33FD-406F-901B-1DD46D428620}.Release|Any CPU.Build.0 = Release|Any CPU
		{C03218A0-DDE5-4382-9C36-A76E9B52DC06}.Debug|Any CPU.ActiveCfg = Debug|Any CPU
		{C03218A0-DDE5-4382-9C36-A76E9B52DC06}.Debug|Any CPU.Build.0 = Debug|Any CPU
		{C03218A0-DDE5-4382-9C36-A76E9B52DC06}.Release|Any CPU.ActiveCfg = Release|Any CPU
		{C03218A0-DDE5-4382-9C36-A76E9B52DC06}.Release|Any CPU.Build.0 = Release|Any CPU
		{876F2BCD-CA8D-4D02-9900-2FD32C5B5359}.Debug|Any CPU.ActiveCfg = Debug|Any CPU
		{876F2BCD-CA8D-4D02-9900-2FD32C5B5359}.Debug|Any CPU.Build.0 = Debug|Any CPU
		{876F2BCD-CA8D-4D02-9900-2FD32C5B5359}.Release|Any CPU.ActiveCfg = Release|Any CPU
		{876F2BCD-CA8D-4D02-9900-2FD32C5B5359}.Release|Any CPU.Build.0 = Release|Any CPU
		{9F8DEA09-ACBA-4EDD-B2CC-0E76BDF55B9F}.Debug|Any CPU.ActiveCfg = Debug|Any CPU
		{9F8DEA09-ACBA-4EDD-B2CC-0E76BDF55B9F}.Debug|Any CPU.Build.0 = Debug|Any CPU
		{9F8DEA09-ACBA-4EDD-B2CC-0E76BDF55B9F}.Release|Any CPU.ActiveCfg = Release|Any CPU
		{9F8DEA09-ACBA-4EDD-B2CC-0E76BDF55B9F}.Release|Any CPU.Build.0 = Release|Any CPU
		{77E8FA53-4B13-48B9-83BD-9574EB11C144}.Debug|Any CPU.ActiveCfg = Debug|Any CPU
		{77E8FA53-4B13-48B9-83BD-9574EB11C144}.Debug|Any CPU.Build.0 = Debug|Any CPU
		{77E8FA53-4B13-48B9-83BD-9574EB11C144}.Release|Any CPU.ActiveCfg = Release|Any CPU
		{E620E1F8-BE8B-4EE3-880B-7EE2F6F366D2}.Debug|Any CPU.ActiveCfg = Debug|Any CPU
		{E620E1F8-BE8B-4EE3-880B-7EE2F6F366D2}.Debug|Any CPU.Build.0 = Debug|Any CPU
		{E620E1F8-BE8B-4EE3-880B-7EE2F6F366D2}.Release|Any CPU.ActiveCfg = Release|Any CPU
		{E620E1F8-BE8B-4EE3-880B-7EE2F6F366D2}.Release|Any CPU.Build.0 = Release|Any CPU
		{58110E5A-DF46-4C7C-8A07-93B030F885CA}.Debug|Any CPU.ActiveCfg = Debug|Any CPU
		{58110E5A-DF46-4C7C-8A07-93B030F885CA}.Debug|Any CPU.Build.0 = Debug|Any CPU
		{58110E5A-DF46-4C7C-8A07-93B030F885CA}.Release|Any CPU.ActiveCfg = Release|Any CPU
		{048963E6-F357-4AC9-A4A6-FD1D3A30224E}.Debug|Any CPU.ActiveCfg = Debug|Any CPU
		{048963E6-F357-4AC9-A4A6-FD1D3A30224E}.Debug|Any CPU.Build.0 = Debug|Any CPU
		{048963E6-F357-4AC9-A4A6-FD1D3A30224E}.Release|Any CPU.ActiveCfg = Release|Any CPU

		{4A9AE8F0-B8CA-44B3-B71F-138A095917EB}.Debug|Any CPU.ActiveCfg = Debug|Any CPU
		{4A9AE8F0-B8CA-44B3-B71F-138A095917EB}.Debug|Any CPU.Build.0 = Debug|Any CPU
		{4A9AE8F0-B8CA-44B3-B71F-138A095917EB}.Release|Any CPU.ActiveCfg = Release|Any CPU
		{4A9AE8F0-B8CA-44B3-B71F-138A095917EB}.Release|Any CPU.Build.0 = Release|Any CPU
		{852A55DE-71B1-45D1-BD43-FCAD865BEF17}.Debug|Any CPU.ActiveCfg = Debug|Any CPU
		{852A55DE-71B1-45D1-BD43-FCAD865BEF17}.Debug|Any CPU.Build.0 = Debug|Any CPU
		{852A55DE-71B1-45D1-BD43-FCAD865BEF17}.Release|Any CPU.ActiveCfg = Release|Any CPU
		{852A55DE-71B1-45D1-BD43-FCAD865BEF17}.Release|Any CPU.Build.0 = Release|Any CPU
		{9780C2BC-7C8B-4E0D-885F-50AB3A9856FC}.Debug|Any CPU.ActiveCfg = Debug|Any CPU
		{9780C2BC-7C8B-4E0D-885F-50AB3A9856FC}.Debug|Any CPU.Build.0 = Debug|Any CPU
		{9780C2BC-7C8B-4E0D-885F-50AB3A9856FC}.Release|Any CPU.ActiveCfg = Release|Any CPU
		{9780C2BC-7C8B-4E0D-885F-50AB3A9856FC}.Release|Any CPU.Build.0 = Release|Any CPU
		{69EDA97F-AC66-4E8C-81E9-4AE8E7C02CBB}.Debug|Any CPU.ActiveCfg = Debug|Any CPU
		{69EDA97F-AC66-4E8C-81E9-4AE8E7C02CBB}.Debug|Any CPU.Build.0 = Debug|Any CPU
		{69EDA97F-AC66-4E8C-81E9-4AE8E7C02CBB}.Release|Any CPU.ActiveCfg = Release|Any CPU
		{69EDA97F-AC66-4E8C-81E9-4AE8E7C02CBB}.Release|Any CPU.Build.0 = Release|Any CPU
	EndGlobalSection
	GlobalSection(SolutionProperties) = preSolution
		HideSolutionNode = FALSE
	EndGlobalSection
	GlobalSection(NestedProjects) = preSolution
		{0514E0D5-4A8E-431C-B128-06CEF357E658} = {0AB3BF05-4346-4AA6-1389-037BE0695223}
		{2026A97A-809C-455A-ACCF-5A93F00EBD40} = {0AB3BF05-4346-4AA6-1389-037BE0695223}
		{4F7AA2B5-C5E3-4AC8-8F7A-330F2125D411} = {0AB3BF05-4346-4AA6-1389-037BE0695223}
		{32670D6A-72D7-4876-A2F0-5A8ADB6A3554} = {0AB3BF05-4346-4AA6-1389-037BE0695223}
		{28F9C708-1058-4B37-9C38-7E6297198F99} = {0AB3BF05-4346-4AA6-1389-037BE0695223}
		{9835F78F-C56E-4FC2-8C91-B7582CAE549A} = {0AB3BF05-4346-4AA6-1389-037BE0695223}
		{F687BAF7-71DD-4323-A2DC-886A36FD17DC} = {0AB3BF05-4346-4AA6-1389-037BE0695223}
		{DF0900D0-3BD2-4E08-9BF9-181BCDB09C28} = {0AB3BF05-4346-4AA6-1389-037BE0695223}
		{CBFE336B-FA67-42A1-838C-8E312F48FC65} = {0AB3BF05-4346-4AA6-1389-037BE0695223}
		{74841171-06B1-4D79-98BF-C41F6BBDEF2B} = {F183B24D-8047-462D-81F6-C672C9F73AEB}
		{23FB9C75-02F4-45CA-967E-EDE50D618498} = {F2EE0B1A-5E7C-4BE2-A300-8772D61D4B8A}
		{14FB55EB-33FD-406F-901B-1DD46D428620} = {F2EE0B1A-5E7C-4BE2-A300-8772D61D4B8A}
		{C03218A0-DDE5-4382-9C36-A76E9B52DC06} = {F2EE0B1A-5E7C-4BE2-A300-8772D61D4B8A}
		{876F2BCD-CA8D-4D02-9900-2FD32C5B5359} = {F2EE0B1A-5E7C-4BE2-A300-8772D61D4B8A}
		{77E8FA53-4B13-48B9-83BD-9574EB11C144} = {0AB3BF05-4346-4AA6-1389-037BE0695223}
		{3FFB33D7-545D-4BE4-90B7-D95529492C19} = {5B97522E-8AEF-420A-9022-A91B63485CD4}
		{0DFDDAC6-848A-4891-9F0E-19F46ED2A98A} = {5B97522E-8AEF-420A-9022-A91B63485CD4}
		{9082E875-F13E-4C60-8774-9CD6B4545B15} = {5B97522E-8AEF-420A-9022-A91B63485CD4}
		{AB9F89AF-95F0-441D-97D4-F6BADF73D4B3} = {5B97522E-8AEF-420A-9022-A91B63485CD4}
		{7D1C94AC-C50D-429E-B48C-ABE03A96DE0D} = {5B97522E-8AEF-420A-9022-A91B63485CD4}
		{C7DAD3AD-9821-4408-BBBA-AC13C897D6B3} = {5B97522E-8AEF-420A-9022-A91B63485CD4}
		{5331B9BB-364B-4098-982B-680BB0C01415} = {5B97522E-8AEF-420A-9022-A91B63485CD4}
		{83CF3CDF-06F6-48FF-A0C8-7A77622087BE} = {5B97522E-8AEF-420A-9022-A91B63485CD4}
		{EA615AA8-BA8D-42AA-BA8D-FE2451DCEE3A} = {5B97522E-8AEF-420A-9022-A91B63485CD4}
		{9F8DEA09-ACBA-4EDD-B2CC-0E76BDF55B9F} = {5B97522E-8AEF-420A-9022-A91B63485CD4}
		{9563D2CA-CC8C-4B32-9FE5-AA8325DAD3F8} = {5B97522E-8AEF-420A-9022-A91B63485CD4}
		{7CAA31AE-0A45-4E7F-A4B5-A1A4991E8256} = {5B97522E-8AEF-420A-9022-A91B63485CD4}
		{B8C525FE-6953-4B37-9375-B1D05E111AA6} = {5B97522E-8AEF-420A-9022-A91B63485CD4}
		{4A6F2EE9-1BB3-46AC-90EE-1AEAF9753393} = {5B97522E-8AEF-420A-9022-A91B63485CD4}
		{E620E1F8-BE8B-4EE3-880B-7EE2F6F366D2} = {5B97522E-8AEF-420A-9022-A91B63485CD4}
		{58110E5A-DF46-4C7C-8A07-93B030F885CA} = {0AB3BF05-4346-4AA6-1389-037BE0695223}
		{048963E6-F357-4AC9-A4A6-FD1D3A30224E} = {0AB3BF05-4346-4AA6-1389-037BE0695223}
		{4A9AE8F0-B8CA-44B3-B71F-138A095917EB} = {5B97522E-8AEF-420A-9022-A91B63485CD4}
		{852A55DE-71B1-45D1-BD43-FCAD865BEF17} = {5B97522E-8AEF-420A-9022-A91B63485CD4}
		{9780C2BC-7C8B-4E0D-885F-50AB3A9856FC} = {5B97522E-8AEF-420A-9022-A91B63485CD4}
		{69EDA97F-AC66-4E8C-81E9-4AE8E7C02CBB} = {5B97522E-8AEF-420A-9022-A91B63485CD4}
	EndGlobalSection
EndGlobal
