<Solution>
  <Folder Name="/.github/" />
  <Folder Name="/.github/workflows/">
    <File Path=".github/workflows/build.yml" />
    <File Path=".github/workflows/tests.yml" />
  </Folder>
  <Folder Name="/Solution Items/">
    <File Path=".editorconfig" />
    <File Path="Directory.Build.props" />
    <File Path="Directory.Build.targets" />
    <File Path="Directory.Packages.props" />
    <File Path="global.json" />
  </Folder>
  <Folder Name="/src/">
    <File Path="src/Directory.Build.props" />
    <File Path="src/Directory.Build.targets" />
    <File Path="src/Directory.Packages.props" />
    <Project Path="src/Data.Dbf/Data.Dbf.csproj" />
    <Project Path="src/Data.Spatial/Data.Spatial.csproj" />
    <Project Path="src/Data.GeoPackage.Core/Data.GeoPackage.Core.csproj" />
    <Project Path="src/Data.GeoPackage/Data.GeoPackage.csproj" />
    <Project Path="src/Data.Spatialite.Core/Data.Spatialite.Core.csproj" />
    <Project Path="src/Data.Spatialite/Data.Spatialite.csproj" />
    <Project Path="src/Data.Sqlite.Core/Data.Sqlite.Core.csproj" />
    <Project Path="src/Data.Sqlite/Data.Sqlite.csproj" />
    <Project Path="src/Spatial.Protobuf/Spatial.Protobuf.csproj" />
    <Project Path="src/Spatial/Spatial.csproj" />
    <Project Path="src/Grpc.Spatial.Tools/Grpc.Spatial.Tools.csproj" />
    <Project Path="src/IO.Geodesy/IO.Geodesy.csproj" />
    <Project Path="src/IO.MapInfo/IO.MapInfo.csproj" />
    <Project Path="src/IO.Shapefile/IO.Shapefile.csproj" />
    <Project Path="src/IO.Spatialite.Core/IO.Spatialite.Core.csproj" />
    <Project Path="src/IO.Spatialite/IO.Spatialite.csproj" />
    <Project Path="src/IO.Spatial/IO.Spatial.csproj" />
    <Project Path="src/Text.Geodesy/Text.Geodesy.csproj" />
    <Project Path="src/Text.GeoJson.Stac/Text.GeoJson.Stac.csproj" />
    <Project Path="src/Text.GeoJson/Text.GeoJson.csproj" />
  </Folder>
  <Folder Name="/tests/">
    <File Path="tests/Directory.Build.props" />
    <File Path="tests/Directory.Build.targets" />
    <File Path="tests/Directory.Packages.props" />
    <Project Path="tests/Data.Dbf.Tests/Data.Dbf.Tests.csproj">
      <Build Solution="Release|*" Project="false" />
    </Project>
    <Project Path="tests/Data.GeoPackage.Tests/Data.GeoPackage.Tests.csproj">
      <Build Solution="Release|*" Project="false" />
    </Project>
    <Project Path="tests/Data.Spatialite.Tests/Data.Spatialite.Tests.csproj">
      <Build Solution="Release|*" Project="false" />
    </Project>
    <Project Path="tests/Data.Sqlite.Tests/Data.Sqlite.Tests.csproj">
      <Build Solution="Release|*" Project="false" />
    </Project>
    <Project Path="tests/Spatial.Protobuf.Tests/Spatial.Protobuf.Tests.csproj">
      <Build Solution="Release|*" Project="false" />
    </Project>
    <Project Path="tests/Spatial.Tests/Spatial.Tests.csproj">
      <Build Solution="Release|*" Project="false" />
    </Project>
    <Project Path="tests/Grpc.Spatial.Tools.Tests/Grpc.Spatial.Tools.Tests.csproj" />
    <Project Path="tests/IO.Geodesy.Tests/IO.Geodesy.Tests.csproj" Id="d0f32dcf-c2f5-4ecf-946f-df8c74b7526a" />
    <Project Path="tests/IO.MapInfo.Tests/IO.MapInfo.Tests.csproj">
      <Build Solution="Release|*" Project="false" />
    </Project>
    <Project Path="tests/IO.Shapefile.Tests/IO.Shapefile.Tests.csproj">
      <Build Solution="Release|*" Project="false" />
    </Project>
    <Project Path="tests/IO.Spatialite.Tests/IO.Spatialite.Tests.csproj">
      <Build Solution="Release|*" Project="false" />
    </Project>
    <Project Path="tests/IO.Spatial.Tests/IO.Spatial.Tests.csproj">
      <Build Solution="Release|*" Project="false" />
    </Project>
    <Project Path="tests/Text.Geodesy.Tests/Text.Geodesy.Tests.csproj" />
    <Project Path="tests/Text.GeoJson.Stac.Tests/Text.GeoJson.Stac.Tests.csproj">
      <Build Solution="Release|*" Project="false" />
    </Project>
    <Project Path="tests/Text.GeoJson.Tests/Text.GeoJson.Tests.csproj">
      <Build Solution="Release|*" Project="false" />
    </Project>
  </Folder>
  <Folder Name="/tools/">
    <File Path="tools/Directory.Build.props" />
    <File Path="tools/Directory.Packages.props" />
    <Project Path="tools/dbfdump/dbfdump.csproj" />
    <Project Path="tools/shpdump/shpdump.csproj" />
    <Project Path="tools/shptree/shptree.csproj" />
    <Project Path="tools/shptreevis/shptreevis.csproj" />
  </Folder>
</Solution>
